
Microsoft Visual Studio Solution File, Format Version 12.00
# Visual Studio 2013
VisualStudioVersion = 12.0.40629.0
MinimumVisualStudioVersion = 10.0.40219.1
Project("{2150E333-8FDC-42A3-9474-1A3956D46DE8}") = "00-Artefacts", "00-Artefacts", "{5357F6AB-0585-4183-8639-31D86E2F5018}"
EndProject
Project("{F088123C-0E9E-452A-89E6-6BA2F21D5CAC}") = "MeuSindico.Artefacts", "MeuSindico.Artefacts\MeuSindico.Artefacts.modelproj", "{549366B8-5889-4AD7-9FBB-806CAD05A342}"
EndProject
Global
	GlobalSection(SolutionConfigurationPlatforms) = preSolution
		Debug|Any CPU = Debug|Any CPU
		Release|Any CPU = Release|Any CPU
	EndGlobalSection
	GlobalSection(ProjectConfigurationPlatforms) = postSolution
		{549366B8-5889-4AD7-9FBB-806CAD05A342}.Debug|Any CPU.ActiveCfg = Debug|Any CPU
		{549366B8-5889-4AD7-9FBB-806CAD05A342}.Debug|Any CPU.Build.0 = Debug|Any CPU
		{549366B8-5889-4AD7-9FBB-806CAD05A342}.Release|Any CPU.ActiveCfg = Release|Any CPU
		{549366B8-5889-4AD7-9FBB-806CAD05A342}.Release|Any CPU.Build.0 = Release|Any CPU
	EndGlobalSection
	GlobalSection(SolutionProperties) = preSolution
		HideSolutionNode = FALSE
	EndGlobalSection
	GlobalSection(NestedProjects) = preSolution
		{549366B8-5889-4AD7-9FBB-806CAD05A342} = {5357F6AB-0585-4183-8639-31D86E2F5018}
	EndGlobalSection
EndGlobal
